
Microsoft Visual Studio Solution File, Format Version 12.00
# Visual Studio Version 17
VisualStudioVersion = 17.14.36408.4 d17.14
MinimumVisualStudioVersion = 10.0.40219.1
Project("{8BC9CEB8-8B4A-11D0-8D11-00A0C91BC942}") = "QueueProject", "QueueProject\QueueProject.vcxproj", "{4EDEDA9A-3A7F-4452-8DEE-7360C893EF3E}"
EndProject
Global
	GlobalSection(SolutionConfigurationPlatforms) = preSolution
		Debug|x64 = Debug|x64
		Debug|x86 = Debug|x86
		Release|x64 = Release|x64
		Release|x86 = Release|x86
	EndGlobalSection
	GlobalSection(ProjectConfigurationPlatforms) = postSolution
		{4EDEDA9A-3A7F-4452-8DEE-7360C893EF3E}.Debug|x64.ActiveCfg = Debug|x64
		{4EDEDA9A-3A7F-4452-8DEE-7360C893EF3E}.Debug|x64.Build.0 = Debug|x64
		{4EDEDA9A-3A7F-4452-8DEE-7360C893EF3E}.Debug|x86.ActiveCfg = Debug|Win32
		{4EDEDA9A-3A7F-4452-8DEE-7360C893EF3E}.Debug|x86.Build.0 = Debug|Win32
		{4EDEDA9A-3A7F-4452-8DEE-7360C893EF3E}.Release|x64.ActiveCfg = Release|x64
		{4EDEDA9A-3A7F-4452-8DEE-7360C893EF3E}.Release|x64.Build.0 = Release|x64
		{4EDEDA9A-3A7F-4452-8DEE-7360C893EF3E}.Release|x86.ActiveCfg = Release|Win32
		{4EDEDA9A-3A7F-4452-8DEE-7360C893EF3E}.Release|x86.Build.0 = Release|Win32
	EndGlobalSection
	GlobalSection(SolutionProperties) = preSolution
		HideSolutionNode = FALSE
	EndGlobalSection
	GlobalSection(ExtensibilityGlobals) = postSolution
		SolutionGuid = {5866C6F6-DA45-43E0-AB86-18C7CD048926}
	EndGlobalSection
EndGlobal
